{
  "nodes": {
    "nixpkgs": {
      "locked": {
        "lastModified": 1780243769,
        "narHash": "sha256-x5UQuRsH3MqI0U9afaXSNqzTPSeZlRLvFAav2Ux1pNw=",
        "owner": "NixOS",
        "repo": "nixpkgs",
        "rev": "331800de5053fcebacf6813adb5db9c9dca22a0c",
        "type": "github"
      },
      "original": {
        "owner": "NixOS",
        "ref": "nixos-unstable",
        "repo": "nixpkgs",
        "type": "github"
      }
    },
    "root": {
      "inputs": {
        "nixpkgs": "nixpkgs",
        "transcribe-cpp": "transcribe-cpp"
      }
    },
    "transcribe-cpp": {
      "inputs": {
        "nixpkgs": [
          "nixpkgs"
        ]
      },
      "locked": {
        "lastModified": 1787763609,
        "narHash": "sha256-ryN2Ia7/yM2bLcWscVKrf689oqprIRPgKbJeNt5sOec=",
        "owner": "christian-oudard",
        "repo": "transcribe.cpp",
        "rev": "51c58468e0cda8266bdc0413fcf36dbf87b8fd84",
        "type": "github"
      },
      "original": {
        "owner": "christian-oudard",
        "repo": "transcribe.cpp",
        "type": "github"
      }
    }
  },
  "root": "root",
  "version": 7
}
